
Microsoft Visual Studio Solution File, Format Version 12.00
# Visual Studio Version 17
VisualStudioVersion = 17.13.35825.156 d17.13
MinimumVisualStudioVersion = 10.0.40219.1
Project("{FAE04EC0-301F-11D3-BF4B-00C04F79EFBC}") = "Nested_IF", "Nested_IF\Nested_IF.csproj", "{AD2AD86A-2AA0-4E44-A7DE-3F6B4DF6D7B3}"
EndProject
Global
	GlobalSection(SolutionConfigurationPlatforms) = preSolution
		Debug|Any CPU = Debug|Any CPU
		Release|Any CPU = Release|Any CPU
	EndGlobalSection
	GlobalSection(ProjectConfigurationPlatforms) = postSolution
		{AD2AD86A-2AA0-4E44-A7DE-3F6B4DF6D7B3}.Debug|Any CPU.ActiveCfg = Debug|Any CPU
		{AD2AD86A-2AA0-4E44-A7DE-3F6B4DF6D7B3}.Debug|Any CPU.Build.0 = Debug|Any CPU
		{AD2AD86A-2AA0-4E44-A7DE-3F6B4DF6D7B3}.Release|Any CPU.ActiveCfg = Release|Any CPU
		{AD2AD86A-2AA0-4E44-A7DE-3F6B4DF6D7B3}.Release|Any CPU.Build.0 = Release|Any CPU
	EndGlobalSection
	GlobalSection(SolutionProperties) = preSolution
		HideSolutionNode = FALSE
	EndGlobalSection
	GlobalSection(ExtensibilityGlobals) = postSolution
		SolutionGuid = {4B4F7421-B0B3-4728-89F9-7590FEFC491A}
	EndGlobalSection
EndGlobal
