
Microsoft Visual Studio Solution File, Format Version 12.00
# Visual Studio Version 17
VisualStudioVersion = 17.13.35825.156 d17.13
MinimumVisualStudioVersion = 10.0.40219.1
Project("{FAE04EC0-301F-11D3-BF4B-00C04F79EFBC}") = "Encapsulation_Demo", "Encapsulation_Demo\Encapsulation_Demo.csproj", "{107F7911-FF91-4281-9570-C0EF210B0043}"
EndProject
Global
	GlobalSection(SolutionConfigurationPlatforms) = preSolution
		Debug|Any CPU = Debug|Any CPU
		Release|Any CPU = Release|Any CPU
	EndGlobalSection
	GlobalSection(ProjectConfigurationPlatforms) = postSolution
		{107F7911-FF91-4281-9570-C0EF210B0043}.Debug|Any CPU.ActiveCfg = Debug|Any CPU
		{107F7911-FF91-4281-9570-C0EF210B0043}.Debug|Any CPU.Build.0 = Debug|Any CPU
		{107F7911-FF91-4281-9570-C0EF210B0043}.Release|Any CPU.ActiveCfg = Release|Any CPU
		{107F7911-FF91-4281-9570-C0EF210B0043}.Release|Any CPU.Build.0 = Release|Any CPU
	EndGlobalSection
	GlobalSection(SolutionProperties) = preSolution
		HideSolutionNode = FALSE
	EndGlobalSection
	GlobalSection(ExtensibilityGlobals) = postSolution
		SolutionGuid = {25CC1566-4134-45E1-BBAD-650739E2064B}
	EndGlobalSection
EndGlobal
