
Microsoft Visual Studio Solution File, Format Version 12.00
# Visual Studio Version 17
VisualStudioVersion = 17.13.35825.156 d17.13
MinimumVisualStudioVersion = 10.0.40219.1
Project("{FAE04EC0-301F-11D3-BF4B-00C04F79EFBC}") = "NGSTACK_DEMO", "NGSTACK_DEMO\NGSTACK_DEMO.csproj", "{65D27F7A-40D5-4478-9A4B-4E6802D8FA94}"
EndProject
Global
	GlobalSection(SolutionConfigurationPlatforms) = preSolution
		Debug|Any CPU = Debug|Any CPU
		Release|Any CPU = Release|Any CPU
	EndGlobalSection
	GlobalSection(ProjectConfigurationPlatforms) = postSolution
		{65D27F7A-40D5-4478-9A4B-4E6802D8FA94}.Debug|Any CPU.ActiveCfg = Debug|Any CPU
		{65D27F7A-40D5-4478-9A4B-4E6802D8FA94}.Debug|Any CPU.Build.0 = Debug|Any CPU
		{65D27F7A-40D5-4478-9A4B-4E6802D8FA94}.Release|Any CPU.ActiveCfg = Release|Any CPU
		{65D27F7A-40D5-4478-9A4B-4E6802D8FA94}.Release|Any CPU.Build.0 = Release|Any CPU
	EndGlobalSection
	GlobalSection(SolutionProperties) = preSolution
		HideSolutionNode = FALSE
	EndGlobalSection
	GlobalSection(ExtensibilityGlobals) = postSolution
		SolutionGuid = {D766DCFE-9F97-45B4-97DB-8133BD65D5F8}
	EndGlobalSection
EndGlobal
