
Microsoft Visual Studio Solution File, Format Version 12.00
# Visual Studio Version 17
VisualStudioVersion = 17.13.35825.156
MinimumVisualStudioVersion = 10.0.40219.1
Project("{FAE04EC0-301F-11D3-BF4B-00C04F79EFBC}") = "Hospital_Management", "Hospital_Management\Hospital_Management.csproj", "{FF4D83E2-5E43-4367-B608-3138DA88541B}"
EndProject
Global
	GlobalSection(SolutionConfigurationPlatforms) = preSolution
		Debug|Any CPU = Debug|Any CPU
		Release|Any CPU = Release|Any CPU
	EndGlobalSection
	GlobalSection(ProjectConfigurationPlatforms) = postSolution
		{FF4D83E2-5E43-4367-B608-3138DA88541B}.Debug|Any CPU.ActiveCfg = Debug|Any CPU
		{FF4D83E2-5E43-4367-B608-3138DA88541B}.Debug|Any CPU.Build.0 = Debug|Any CPU
		{FF4D83E2-5E43-4367-B608-3138DA88541B}.Release|Any CPU.ActiveCfg = Release|Any CPU
		{FF4D83E2-5E43-4367-B608-3138DA88541B}.Release|Any CPU.Build.0 = Release|Any CPU
	EndGlobalSection
	GlobalSection(SolutionProperties) = preSolution
		HideSolutionNode = FALSE
	EndGlobalSection
	GlobalSection(ExtensibilityGlobals) = postSolution
		SolutionGuid = {3A78796E-C3E8-4D4B-875A-073D15D70B3A}
	EndGlobalSection
EndGlobal
