
Microsoft Visual Studio Solution File, Format Version 12.00
# Visual Studio Version 17
VisualStudioVersion = 17.13.35825.156 d17.13
MinimumVisualStudioVersion = 10.0.40219.1
Project("{FAE04EC0-301F-11D3-BF4B-00C04F79EFBC}") = "Logical_question_2", "Logical_question_2\Logical_question_2.csproj", "{1A809D61-EB50-4BE9-86F5-3742D4AB836C}"
EndProject
Global
	GlobalSection(SolutionConfigurationPlatforms) = preSolution
		Debug|Any CPU = Debug|Any CPU
		Release|Any CPU = Release|Any CPU
	EndGlobalSection
	GlobalSection(ProjectConfigurationPlatforms) = postSolution
		{1A809D61-EB50-4BE9-86F5-3742D4AB836C}.Debug|Any CPU.ActiveCfg = Debug|Any CPU
		{1A809D61-EB50-4BE9-86F5-3742D4AB836C}.Debug|Any CPU.Build.0 = Debug|Any CPU
		{1A809D61-EB50-4BE9-86F5-3742D4AB836C}.Release|Any CPU.ActiveCfg = Release|Any CPU
		{1A809D61-EB50-4BE9-86F5-3742D4AB836C}.Release|Any CPU.Build.0 = Release|Any CPU
	EndGlobalSection
	GlobalSection(SolutionProperties) = preSolution
		HideSolutionNode = FALSE
	EndGlobalSection
	GlobalSection(ExtensibilityGlobals) = postSolution
		SolutionGuid = {68B029DB-E6DA-4886-B4DF-522E4B16F92D}
	EndGlobalSection
EndGlobal
