
Microsoft Visual Studio Solution File, Format Version 12.00
# Visual Studio Version 17
VisualStudioVersion = 17.13.35825.156 d17.13
MinimumVisualStudioVersion = 10.0.40219.1
Project("{FAE04EC0-301F-11D3-BF4B-00C04F79EFBC}") = "Anonymous", "Anonymous\Anonymous.csproj", "{81A439A9-878A-483E-90EB-CA7EFED38683}"
EndProject
Global
	GlobalSection(SolutionConfigurationPlatforms) = preSolution
		Debug|Any CPU = Debug|Any CPU
		Release|Any CPU = Release|Any CPU
	EndGlobalSection
	GlobalSection(ProjectConfigurationPlatforms) = postSolution
		{81A439A9-878A-483E-90EB-CA7EFED38683}.Debug|Any CPU.ActiveCfg = Debug|Any CPU
		{81A439A9-878A-483E-90EB-CA7EFED38683}.Debug|Any CPU.Build.0 = Debug|Any CPU
		{81A439A9-878A-483E-90EB-CA7EFED38683}.Release|Any CPU.ActiveCfg = Release|Any CPU
		{81A439A9-878A-483E-90EB-CA7EFED38683}.Release|Any CPU.Build.0 = Release|Any CPU
	EndGlobalSection
	GlobalSection(SolutionProperties) = preSolution
		HideSolutionNode = FALSE
	EndGlobalSection
	GlobalSection(ExtensibilityGlobals) = postSolution
		SolutionGuid = {13D4942A-8D07-4BAD-9304-3ED8CB451D35}
	EndGlobalSection
EndGlobal
