
Microsoft Visual Studio Solution File, Format Version 12.00
# Visual Studio Version 17
VisualStudioVersion = 17.13.35825.156
MinimumVisualStudioVersion = 10.0.40219.1
Project("{FAE04EC0-301F-11D3-BF4B-00C04F79EFBC}") = "Practice", "Exercises\Practice.csproj", "{28723DBE-1BA7-4AA6-8880-555BD92D15E6}"
EndProject
Global
	GlobalSection(SolutionConfigurationPlatforms) = preSolution
		Debug|Any CPU = Debug|Any CPU
		Release|Any CPU = Release|Any CPU
	EndGlobalSection
	GlobalSection(ProjectConfigurationPlatforms) = postSolution
		{28723DBE-1BA7-4AA6-8880-555BD92D15E6}.Debug|Any CPU.ActiveCfg = Debug|Any CPU
		{28723DBE-1BA7-4AA6-8880-555BD92D15E6}.Debug|Any CPU.Build.0 = Debug|Any CPU
		{28723DBE-1BA7-4AA6-8880-555BD92D15E6}.Release|Any CPU.ActiveCfg = Release|Any CPU
		{28723DBE-1BA7-4AA6-8880-555BD92D15E6}.Release|Any CPU.Build.0 = Release|Any CPU
	EndGlobalSection
	GlobalSection(SolutionProperties) = preSolution
		HideSolutionNode = FALSE
	EndGlobalSection
	GlobalSection(ExtensibilityGlobals) = postSolution
		SolutionGuid = {4ADC68DD-0156-4F19-90D9-A5155380A3DD}
	EndGlobalSection
EndGlobal
