
Microsoft Visual Studio Solution File, Format Version 12.00
# Visual Studio Version 17
VisualStudioVersion = 17.13.35825.156 d17.13
MinimumVisualStudioVersion = 10.0.40219.1
Project("{FAE04EC0-301F-11D3-BF4B-00C04F79EFBC}") = "Exercises", "Exercises\Exercises.csproj", "{82FCA444-11CE-43F2-9B3B-05192B9CAB76}"
EndProject
Global
	GlobalSection(SolutionConfigurationPlatforms) = preSolution
		Debug|Any CPU = Debug|Any CPU
		Release|Any CPU = Release|Any CPU
	EndGlobalSection
	GlobalSection(ProjectConfigurationPlatforms) = postSolution
		{82FCA444-11CE-43F2-9B3B-05192B9CAB76}.Debug|Any CPU.ActiveCfg = Debug|Any CPU
		{82FCA444-11CE-43F2-9B3B-05192B9CAB76}.Debug|Any CPU.Build.0 = Debug|Any CPU
		{82FCA444-11CE-43F2-9B3B-05192B9CAB76}.Release|Any CPU.ActiveCfg = Release|Any CPU
		{82FCA444-11CE-43F2-9B3B-05192B9CAB76}.Release|Any CPU.Build.0 = Release|Any CPU
	EndGlobalSection
	GlobalSection(SolutionProperties) = preSolution
		HideSolutionNode = FALSE
	EndGlobalSection
	GlobalSection(ExtensibilityGlobals) = postSolution
		SolutionGuid = {4484C404-9D41-469D-B38B-3F1B58354BE8}
	EndGlobalSection
EndGlobal
