
Microsoft Visual Studio Solution File, Format Version 12.00
# Visual Studio Version 17
VisualStudioVersion = 17.13.35825.156 d17.13
MinimumVisualStudioVersion = 10.0.40219.1
Project("{FAE04EC0-301F-11D3-BF4B-00C04F79EFBC}") = "Nested_For", "Nested_For\Nested_For.csproj", "{0F8E5865-E42E-4F53-8C67-C6C54C082EE4}"
EndProject
Global
	GlobalSection(SolutionConfigurationPlatforms) = preSolution
		Debug|Any CPU = Debug|Any CPU
		Release|Any CPU = Release|Any CPU
	EndGlobalSection
	GlobalSection(ProjectConfigurationPlatforms) = postSolution
		{0F8E5865-E42E-4F53-8C67-C6C54C082EE4}.Debug|Any CPU.ActiveCfg = Debug|Any CPU
		{0F8E5865-E42E-4F53-8C67-C6C54C082EE4}.Debug|Any CPU.Build.0 = Debug|Any CPU
		{0F8E5865-E42E-4F53-8C67-C6C54C082EE4}.Release|Any CPU.ActiveCfg = Release|Any CPU
		{0F8E5865-E42E-4F53-8C67-C6C54C082EE4}.Release|Any CPU.Build.0 = Release|Any CPU
	EndGlobalSection
	GlobalSection(SolutionProperties) = preSolution
		HideSolutionNode = FALSE
	EndGlobalSection
	GlobalSection(ExtensibilityGlobals) = postSolution
		SolutionGuid = {F7A6EBE7-5ADB-42F4-ADB6-58C1FE4A1D95}
	EndGlobalSection
EndGlobal
