
Microsoft Visual Studio Solution File, Format Version 12.00
# Visual Studio Version 17
VisualStudioVersion = 17.13.35825.156 d17.13
MinimumVisualStudioVersion = 10.0.40219.1
Project("{FAE04EC0-301F-11D3-BF4B-00C04F79EFBC}") = "MVC_PART1", "MVC_PART1\MVC_PART1.csproj", "{C8B15827-DBDE-4CDA-9FDF-5B095DED8ED0}"
EndProject
Global
	GlobalSection(SolutionConfigurationPlatforms) = preSolution
		Debug|Any CPU = Debug|Any CPU
		Release|Any CPU = Release|Any CPU
	EndGlobalSection
	GlobalSection(ProjectConfigurationPlatforms) = postSolution
		{C8B15827-DBDE-4CDA-9FDF-5B095DED8ED0}.Debug|Any CPU.ActiveCfg = Debug|Any CPU
		{C8B15827-DBDE-4CDA-9FDF-5B095DED8ED0}.Debug|Any CPU.Build.0 = Debug|Any CPU
		{C8B15827-DBDE-4CDA-9FDF-5B095DED8ED0}.Release|Any CPU.ActiveCfg = Release|Any CPU
		{C8B15827-DBDE-4CDA-9FDF-5B095DED8ED0}.Release|Any CPU.Build.0 = Release|Any CPU
	EndGlobalSection
	GlobalSection(SolutionProperties) = preSolution
		HideSolutionNode = FALSE
	EndGlobalSection
	GlobalSection(ExtensibilityGlobals) = postSolution
		SolutionGuid = {A721235B-03F1-4C86-831D-92C8A10F6EDE}
	EndGlobalSection
EndGlobal
