
Microsoft Visual Studio Solution File, Format Version 12.00
# Visual Studio Version 17
VisualStudioVersion = 17.13.35825.156 d17.13
MinimumVisualStudioVersion = 10.0.40219.1
Project("{FAE04EC0-301F-11D3-BF4B-00C04F79EFBC}") = "WebApplication2", "WebApplication2\WebApplication2.csproj", "{0140F127-2380-4963-9487-AA58A127BB32}"
EndProject
Global
	GlobalSection(SolutionConfigurationPlatforms) = preSolution
		Debug|Any CPU = Debug|Any CPU
		Release|Any CPU = Release|Any CPU
	EndGlobalSection
	GlobalSection(ProjectConfigurationPlatforms) = postSolution
		{0140F127-2380-4963-9487-AA58A127BB32}.Debug|Any CPU.ActiveCfg = Debug|Any CPU
		{0140F127-2380-4963-9487-AA58A127BB32}.Debug|Any CPU.Build.0 = Debug|Any CPU
		{0140F127-2380-4963-9487-AA58A127BB32}.Release|Any CPU.ActiveCfg = Release|Any CPU
		{0140F127-2380-4963-9487-AA58A127BB32}.Release|Any CPU.Build.0 = Release|Any CPU
	EndGlobalSection
	GlobalSection(SolutionProperties) = preSolution
		HideSolutionNode = FALSE
	EndGlobalSection
	GlobalSection(ExtensibilityGlobals) = postSolution
		SolutionGuid = {3F1DE943-6049-4C99-A563-87AFB2EA3361}
	EndGlobalSection
EndGlobal
