
Microsoft Visual Studio Solution File, Format Version 12.00
# Visual Studio Version 17
VisualStudioVersion = 17.13.35825.156 d17.13
MinimumVisualStudioVersion = 10.0.40219.1
Project("{FAE04EC0-301F-11D3-BF4B-00C04F79EFBC}") = "Ienumerable_Ienumerator", "Ienumerable_Ienumerator\Ienumerable_Ienumerator.csproj", "{C81F8C5B-58BB-4F82-A761-8A5272D717E9}"
EndProject
Global
	GlobalSection(SolutionConfigurationPlatforms) = preSolution
		Debug|Any CPU = Debug|Any CPU
		Release|Any CPU = Release|Any CPU
	EndGlobalSection
	GlobalSection(ProjectConfigurationPlatforms) = postSolution
		{C81F8C5B-58BB-4F82-A761-8A5272D717E9}.Debug|Any CPU.ActiveCfg = Debug|Any CPU
		{C81F8C5B-58BB-4F82-A761-8A5272D717E9}.Debug|Any CPU.Build.0 = Debug|Any CPU
		{C81F8C5B-58BB-4F82-A761-8A5272D717E9}.Release|Any CPU.ActiveCfg = Release|Any CPU
		{C81F8C5B-58BB-4F82-A761-8A5272D717E9}.Release|Any CPU.Build.0 = Release|Any CPU
	EndGlobalSection
	GlobalSection(SolutionProperties) = preSolution
		HideSolutionNode = FALSE
	EndGlobalSection
	GlobalSection(ExtensibilityGlobals) = postSolution
		SolutionGuid = {8026CFCE-FD4F-4222-90F3-9B453FDA798C}
	EndGlobalSection
EndGlobal
