
Microsoft Visual Studio Solution File, Format Version 12.00
# Visual Studio Version 17
VisualStudioVersion = 17.13.35825.156 d17.13
MinimumVisualStudioVersion = 10.0.40219.1
Project("{FAE04EC0-301F-11D3-BF4B-00C04F79EFBC}") = "DIFFERENCE_BET_GEN_NG", "DIFFERENCE_BET_GEN_NG\DIFFERENCE_BET_GEN_NG.csproj", "{89951FD3-C5B6-44FF-8C9A-26D496A8F2DA}"
EndProject
Global
	GlobalSection(SolutionConfigurationPlatforms) = preSolution
		Debug|Any CPU = Debug|Any CPU
		Release|Any CPU = Release|Any CPU
	EndGlobalSection
	GlobalSection(ProjectConfigurationPlatforms) = postSolution
		{89951FD3-C5B6-44FF-8C9A-26D496A8F2DA}.Debug|Any CPU.ActiveCfg = Debug|Any CPU
		{89951FD3-C5B6-44FF-8C9A-26D496A8F2DA}.Debug|Any CPU.Build.0 = Debug|Any CPU
		{89951FD3-C5B6-44FF-8C9A-26D496A8F2DA}.Release|Any CPU.ActiveCfg = Release|Any CPU
		{89951FD3-C5B6-44FF-8C9A-26D496A8F2DA}.Release|Any CPU.Build.0 = Release|Any CPU
	EndGlobalSection
	GlobalSection(SolutionProperties) = preSolution
		HideSolutionNode = FALSE
	EndGlobalSection
	GlobalSection(ExtensibilityGlobals) = postSolution
		SolutionGuid = {053EB284-BC9C-47E2-99C5-40885B62EEE0}
	EndGlobalSection
EndGlobal
