
Microsoft Visual Studio Solution File, Format Version 12.00
# Visual Studio Version 17
VisualStudioVersion = 17.13.35825.156 d17.13
MinimumVisualStudioVersion = 10.0.40219.1
Project("{FAE04EC0-301F-11D3-BF4B-00C04F79EFBC}") = "ESCOREBASICS", "ESCOREBASICS\ESCOREBASICS.csproj", "{1B45E0E0-B050-4576-B02F-FF5A2818AA33}"
EndProject
Global
	GlobalSection(SolutionConfigurationPlatforms) = preSolution
		Debug|Any CPU = Debug|Any CPU
		Release|Any CPU = Release|Any CPU
	EndGlobalSection
	GlobalSection(ProjectConfigurationPlatforms) = postSolution
		{1B45E0E0-B050-4576-B02F-FF5A2818AA33}.Debug|Any CPU.ActiveCfg = Debug|Any CPU
		{1B45E0E0-B050-4576-B02F-FF5A2818AA33}.Debug|Any CPU.Build.0 = Debug|Any CPU
		{1B45E0E0-B050-4576-B02F-FF5A2818AA33}.Release|Any CPU.ActiveCfg = Release|Any CPU
		{1B45E0E0-B050-4576-B02F-FF5A2818AA33}.Release|Any CPU.Build.0 = Release|Any CPU
	EndGlobalSection
	GlobalSection(SolutionProperties) = preSolution
		HideSolutionNode = FALSE
	EndGlobalSection
	GlobalSection(ExtensibilityGlobals) = postSolution
		SolutionGuid = {4641B551-BC4D-4FCC-A64F-25527DB73514}
	EndGlobalSection
EndGlobal
