
Microsoft Visual Studio Solution File, Format Version 12.00
# Visual Studio Version 17
VisualStudioVersion = 17.13.35825.156 d17.13
MinimumVisualStudioVersion = 10.0.40219.1
Project("{FAE04EC0-301F-11D3-BF4B-00C04F79EFBC}") = "HASH_TABLE", "HASH_TABLE\HASH_TABLE.csproj", "{12CC6C6B-8D69-45D4-9E85-CA708EC707E4}"
EndProject
Global
	GlobalSection(SolutionConfigurationPlatforms) = preSolution
		Debug|Any CPU = Debug|Any CPU
		Release|Any CPU = Release|Any CPU
	EndGlobalSection
	GlobalSection(ProjectConfigurationPlatforms) = postSolution
		{12CC6C6B-8D69-45D4-9E85-CA708EC707E4}.Debug|Any CPU.ActiveCfg = Debug|Any CPU
		{12CC6C6B-8D69-45D4-9E85-CA708EC707E4}.Debug|Any CPU.Build.0 = Debug|Any CPU
		{12CC6C6B-8D69-45D4-9E85-CA708EC707E4}.Release|Any CPU.ActiveCfg = Release|Any CPU
		{12CC6C6B-8D69-45D4-9E85-CA708EC707E4}.Release|Any CPU.Build.0 = Release|Any CPU
	EndGlobalSection
	GlobalSection(SolutionProperties) = preSolution
		HideSolutionNode = FALSE
	EndGlobalSection
	GlobalSection(ExtensibilityGlobals) = postSolution
		SolutionGuid = {F823D5B8-50FB-46F2-B03E-DA29AC000E59}
	EndGlobalSection
EndGlobal
