
Microsoft Visual Studio Solution File, Format Version 12.00
# Visual Studio Version 17
VisualStudioVersion = 17.13.35825.156 d17.13
MinimumVisualStudioVersion = 10.0.40219.1
Project("{FAE04EC0-301F-11D3-BF4B-00C04F79EFBC}") = "Diamond_Problem", "Diamond_Problem\Diamond_Problem.csproj", "{3E2C5133-0203-4C8D-9914-ACA0836B9C56}"
EndProject
Global
	GlobalSection(SolutionConfigurationPlatforms) = preSolution
		Debug|Any CPU = Debug|Any CPU
		Release|Any CPU = Release|Any CPU
	EndGlobalSection
	GlobalSection(ProjectConfigurationPlatforms) = postSolution
		{3E2C5133-0203-4C8D-9914-ACA0836B9C56}.Debug|Any CPU.ActiveCfg = Debug|Any CPU
		{3E2C5133-0203-4C8D-9914-ACA0836B9C56}.Debug|Any CPU.Build.0 = Debug|Any CPU
		{3E2C5133-0203-4C8D-9914-ACA0836B9C56}.Release|Any CPU.ActiveCfg = Release|Any CPU
		{3E2C5133-0203-4C8D-9914-ACA0836B9C56}.Release|Any CPU.Build.0 = Release|Any CPU
	EndGlobalSection
	GlobalSection(SolutionProperties) = preSolution
		HideSolutionNode = FALSE
	EndGlobalSection
	GlobalSection(ExtensibilityGlobals) = postSolution
		SolutionGuid = {72F29AC7-EAA4-4987-B3E6-2D58C01B6CE6}
	EndGlobalSection
EndGlobal
