
Microsoft Visual Studio Solution File, Format Version 12.00
# Visual Studio Version 17
VisualStudioVersion = 17.13.35825.156 d17.13
MinimumVisualStudioVersion = 10.0.40219.1
Project("{FAE04EC0-301F-11D3-BF4B-00C04F79EFBC}") = "Param", "Param\Param.csproj", "{74E3EC40-BA4F-4F76-AEFF-C2C41BB02E4F}"
EndProject
Global
	GlobalSection(SolutionConfigurationPlatforms) = preSolution
		Debug|Any CPU = Debug|Any CPU
		Release|Any CPU = Release|Any CPU
	EndGlobalSection
	GlobalSection(ProjectConfigurationPlatforms) = postSolution
		{74E3EC40-BA4F-4F76-AEFF-C2C41BB02E4F}.Debug|Any CPU.ActiveCfg = Debug|Any CPU
		{74E3EC40-BA4F-4F76-AEFF-C2C41BB02E4F}.Debug|Any CPU.Build.0 = Debug|Any CPU
		{74E3EC40-BA4F-4F76-AEFF-C2C41BB02E4F}.Release|Any CPU.ActiveCfg = Release|Any CPU
		{74E3EC40-BA4F-4F76-AEFF-C2C41BB02E4F}.Release|Any CPU.Build.0 = Release|Any CPU
	EndGlobalSection
	GlobalSection(SolutionProperties) = preSolution
		HideSolutionNode = FALSE
	EndGlobalSection
	GlobalSection(ExtensibilityGlobals) = postSolution
		SolutionGuid = {C573DA6B-AD8C-4D48-8AE8-D001C66650E3}
	EndGlobalSection
EndGlobal
